# This file is generated by running "yarn install" inside your project.
# Manual changes might be lost - proceed with caution!

__metadata:
  version: 8
  cacheKey: 10c0

"@esbuild/aix-ppc64@npm:0.25.0":
  version: 0.25.0
  resolution: "@esbuild/aix-ppc64@npm:0.25.0"
  conditions: os=aix & cpu=ppc64
  languageName: node
  linkType: hard

"@esbuild/android-arm64@npm:0.25.0":
  version: 0.25.0
  resolution: "@esbuild/android-arm64@npm:0.25.0"
  conditions: os=android & cpu=arm64
  languageName: node
  linkType: hard

"@esbuild/android-arm@npm:0.25.0":
  version: 0.25.0
  resolution: "@esbuild/android-arm@npm:0.25.0"
  conditions: os=android & cpu=arm
  languageName: node
  linkType: hard

"@esbuild/android-x64@npm:0.25.0":
  version: 0.25.0
  resolution: "@esbuild/android-x64@npm:0.25.0"
  conditions: os=android & cpu=x64
  languageName: node
  linkType: hard

"@esbuild/darwin-arm64@npm:0.25.0":
  version: 0.25.0
  resolution: "@esbuild/darwin-arm64@npm:0.25.0"
  conditions: os=darwin & cpu=arm64
  languageName: node
  linkType: hard

"@esbuild/darwin-x64@npm:0.25.0":
  version: 0.25.0
  resolution: "@esbuild/darwin-x64@npm:0.25.0"
  conditions: os=darwin & cpu=x64
  languageName: node
  linkType: hard

"@esbuild/freebsd-arm64@npm:0.25.0":
  version: 0.25.0
  resolution: "@esbuild/freebsd-arm64@npm:0.25.0"
  conditions: os=freebsd & cpu=arm64
  languageName: node
  linkType: hard

"@esbuild/freebsd-x64@npm:0.25.0":
  version: 0.25.0
  resolution: "@esbuild/freebsd-x64@npm:0.25.0"
  conditions: os=freebsd & cpu=x64
  languageName: node
  linkType: hard

"@esbuild/linux-arm64@npm:0.25.0":
  version: 0.25.0
  resolution: "@esbuild/linux-arm64@npm:0.25.0"
  conditions: os=linux & cpu=arm64
  languageName: node
  linkType: hard

"@esbuild/linux-arm@npm:0.25.0":
  version: 0.25.0
  resolution: "@esbuild/linux-arm@npm:0.25.0"
  conditions: os=linux & cpu=arm
  languageName: node
  linkType: hard

"@esbuild/linux-ia32@npm:0.25.0":
  version: 0.25.0
  resolution: "@esbuild/linux-ia32@npm:0.25.0"
  conditions: os=linux & cpu=ia32
  languageName: node
  linkType: hard

"@esbuild/linux-loong64@npm:0.25.0":
  version: 0.25.0
  resolution: "@esbuild/linux-loong64@npm:0.25.0"
  conditions: os=linux & cpu=loong64
  languageName: node
  linkType: hard

"@esbuild/linux-mips64el@npm:0.25.0":
  version: 0.25.0
  resolution: "@esbuild/linux-mips64el@npm:0.25.0"
  conditions: os=linux & cpu=mips64el
  languageName: node
  linkType: hard

"@esbuild/linux-ppc64@npm:0.25.0":
  version: 0.25.0
  resolution: "@esbuild/linux-ppc64@npm:0.25.0"
  conditions: os=linux & cpu=ppc64
  languageName: node
  linkType: hard

"@esbuild/linux-riscv64@npm:0.25.0":
  version: 0.25.0
  resolution: "@esbuild/linux-riscv64@npm:0.25.0"
  conditions: os=linux & cpu=riscv64
  languageName: node
  linkType: hard

"@esbuild/linux-s390x@npm:0.25.0":
  version: 0.25.0
  resolution: "@esbuild/linux-s390x@npm:0.25.0"
  conditions: os=linux & cpu=s390x
  languageName: node
  linkType: hard

"@esbuild/linux-x64@npm:0.25.0":
  version: 0.25.0
  resolution: "@esbuild/linux-x64@npm:0.25.0"
  conditions: os=linux & cpu=x64
  languageName: node
  linkType: hard

"@esbuild/netbsd-arm64@npm:0.25.0":
  version: 0.25.0
  resolution: "@esbuild/netbsd-arm64@npm:0.25.0"
  conditions: os=netbsd & cpu=arm64
  languageName: node
  linkType: hard

"@esbuild/netbsd-x64@npm:0.25.0":
  version: 0.25.0
  resolution: "@esbuild/netbsd-x64@npm:0.25.0"
  conditions: os=netbsd & cpu=x64
  languageName: node
  linkType: hard

"@esbuild/openbsd-arm64@npm:0.25.0":
  version: 0.25.0
  resolution: "@esbuild/openbsd-arm64@npm:0.25.0"
  conditions: os=openbsd & cpu=arm64
  languageName: node
  linkType: hard

"@esbuild/openbsd-x64@npm:0.25.0":
  version: 0.25.0
  resolution: "@esbuild/openbsd-x64@npm:0.25.0"
  conditions: os=openbsd & cpu=x64
  languageName: node
  linkType: hard

"@esbuild/sunos-x64@npm:0.25.0":
  version: 0.25.0
  resolution: "@esbuild/sunos-x64@npm:0.25.0"
  conditions: os=sunos & cpu=x64
  languageName: node
  linkType: hard

"@esbuild/win32-arm64@npm:0.25.0":
  version: 0.25.0
  resolution: "@esbuild/win32-arm64@npm:0.25.0"
  conditions: os=win32 & cpu=arm64
  languageName: node
  linkType: hard

"@esbuild/win32-ia32@npm:0.25.0":
  version: 0.25.0
  resolution: "@esbuild/win32-ia32@npm:0.25.0"
  conditions: os=win32 & cpu=ia32
  languageName: node
  linkType: hard

"@esbuild/win32-x64@npm:0.25.0":
  version: 0.25.0
  resolution: "@esbuild/win32-x64@npm:0.25.0"
  conditions: os=win32 & cpu=x64
  languageName: node
  linkType: hard

"acusti.ca@workspace:.":
  version: 0.0.0-use.local
  resolution: "acusti.ca@workspace:."
  dependencies:
    affixing-header: "npm:^1.0.0-beta.5"
    esbuild: "npm:^0.25.0"
    npm-run-all: "npm:^4.1.5"
    onscrolling: "npm:^2.0.0-beta.7"
    prettier: "npm:^3.2.5"
  languageName: unknown
  linkType: soft

"affixing-header@npm:^1.0.0-beta.5":
  version: 1.0.0-beta.5
  resolution: "affixing-header@npm:1.0.0-beta.5"
  dependencies:
    onscrolling: "npm:^2.0.0-beta.7"
  checksum: 10c0/9237a55660359223a9cc322ac9b485ee7c13e1e5fbaef2807fa78741d87537dd201d68d9f8112d6139cb587fa2bb88cc54312274703927bb4977343722fce61d
  languageName: node
  linkType: hard

"ansi-styles@npm:^3.2.1":
  version: 3.2.1
  resolution: "ansi-styles@npm:3.2.1"
  dependencies:
    color-convert: "npm:^1.9.0"
  checksum: 10c0/ece5a8ef069fcc5298f67e3f4771a663129abd174ea2dfa87923a2be2abf6cd367ef72ac87942da00ce85bd1d651d4cd8595aebdb1b385889b89b205860e977b
  languageName: node
  linkType: hard

"balanced-match@npm:^1.0.0":
  version: 1.0.2
  resolution: "balanced-match@npm:1.0.2"
  checksum: 10c0/9308baf0a7e4838a82bbfd11e01b1cb0f0cf2893bc1676c27c2a8c0e70cbae1c59120c3268517a8ae7fb6376b4639ef81ca22582611dbee4ed28df945134aaee
  languageName: node
  linkType: hard

"brace-expansion@npm:^1.1.7":
  version: 1.1.11
  resolution: "brace-expansion@npm:1.1.11"
  dependencies:
    balanced-match: "npm:^1.0.0"
    concat-map: "npm:0.0.1"
  checksum: 10c0/695a56cd058096a7cb71fb09d9d6a7070113c7be516699ed361317aca2ec169f618e28b8af352e02ab4233fb54eb0168460a40dc320bab0034b36ab59aaad668
  languageName: node
  linkType: hard

"call-bind@npm:^1.0.0, call-bind@npm:^1.0.2":
  version: 1.0.2
  resolution: "call-bind@npm:1.0.2"
  dependencies:
    function-bind: "npm:^1.1.1"
    get-intrinsic: "npm:^1.0.2"
  checksum: 10c0/74ba3f31e715456e22e451d8d098779b861eba3c7cac0d9b510049aced70d75c231ba05071f97e1812c98e34e2bee734c0c6126653e0088c2d9819ca047f4073
  languageName: node
  linkType: hard

"chalk@npm:^2.4.1":
  version: 2.4.2
  resolution: "chalk@npm:2.4.2"
  dependencies:
    ansi-styles: "npm:^3.2.1"
    escape-string-regexp: "npm:^1.0.5"
    supports-color: "npm:^5.3.0"
  checksum: 10c0/e6543f02ec877732e3a2d1c3c3323ddb4d39fbab687c23f526e25bd4c6a9bf3b83a696e8c769d078e04e5754921648f7821b2a2acfd16c550435fd630026e073
  languageName: node
  linkType: hard

"color-convert@npm:^1.9.0":
  version: 1.9.3
  resolution: "color-convert@npm:1.9.3"
  dependencies:
    color-name: "npm:1.1.3"
  checksum: 10c0/5ad3c534949a8c68fca8fbc6f09068f435f0ad290ab8b2f76841b9e6af7e0bb57b98cb05b0e19fe33f5d91e5a8611ad457e5f69e0a484caad1f7487fd0e8253c
  languageName: node
  linkType: hard

"color-name@npm:1.1.3":
  version: 1.1.3
  resolution: "color-name@npm:1.1.3"
  checksum: 10c0/566a3d42cca25b9b3cd5528cd7754b8e89c0eb646b7f214e8e2eaddb69994ac5f0557d9c175eb5d8f0ad73531140d9c47525085ee752a91a2ab15ab459caf6d6
  languageName: node
  linkType: hard

"concat-map@npm:0.0.1":
  version: 0.0.1
  resolution: "concat-map@npm:0.0.1"
  checksum: 10c0/c996b1cfdf95b6c90fee4dae37e332c8b6eb7d106430c17d538034c0ad9a1630cb194d2ab37293b1bdd4d779494beee7786d586a50bd9376fd6f7bcc2bd4c98f
  languageName: node
  linkType: hard

"cross-spawn@npm:^6.0.5":
  version: 6.0.6
  resolution: "cross-spawn@npm:6.0.6"
  dependencies:
    nice-try: "npm:^1.0.4"
    path-key: "npm:^2.0.1"
    semver: "npm:^5.5.0"
    shebang-command: "npm:^1.2.0"
    which: "npm:^1.2.9"
  checksum: 10c0/bf61fb890e8635102ea9bce050515cf915ff6a50ccaa0b37a17dc82fded0fb3ed7af5478b9367b86baee19127ad86af4be51d209f64fd6638c0862dca185fe1d
  languageName: node
  linkType: hard

"define-properties@npm:^1.1.3":
  version: 1.1.3
  resolution: "define-properties@npm:1.1.3"
  dependencies:
    object-keys: "npm:^1.0.12"
  checksum: 10c0/a2fa03d97ee44bb7c679bac7c3b3e63431a2efd83c12c0d61c7f5adf4fa1cf0a669c77afd274babbc5400926bdc2befb25679e4bf687140b078c0fe14f782e4f
  languageName: node
  linkType: hard

"error-ex@npm:^1.3.1":
  version: 1.3.2
  resolution: "error-ex@npm:1.3.2"
  dependencies:
    is-arrayish: "npm:^0.2.1"
  checksum: 10c0/ba827f89369b4c93382cfca5a264d059dfefdaa56ecc5e338ffa58a6471f5ed93b71a20add1d52290a4873d92381174382658c885ac1a2305f7baca363ce9cce
  languageName: node
  linkType: hard

"es-abstract@npm:^1.19.1":
  version: 1.19.1
  resolution: "es-abstract@npm:1.19.1"
  dependencies:
    call-bind: "npm:^1.0.2"
    es-to-primitive: "npm:^1.2.1"
    function-bind: "npm:^1.1.1"
    get-intrinsic: "npm:^1.1.1"
    get-symbol-description: "npm:^1.0.0"
    has: "npm:^1.0.3"
    has-symbols: "npm:^1.0.2"
    internal-slot: "npm:^1.0.3"
    is-callable: "npm:^1.2.4"
    is-negative-zero: "npm:^2.0.1"
    is-regex: "npm:^1.1.4"
    is-shared-array-buffer: "npm:^1.0.1"
    is-string: "npm:^1.0.7"
    is-weakref: "npm:^1.0.1"
    object-inspect: "npm:^1.11.0"
    object-keys: "npm:^1.1.1"
    object.assign: "npm:^4.1.2"
    string.prototype.trimend: "npm:^1.0.4"
    string.prototype.trimstart: "npm:^1.0.4"
    unbox-primitive: "npm:^1.0.1"
  checksum: 10c0/24ed66dfa682f1bbcfa70cd95581c29a6ba88baf579619bff5690ac383b8612f3f5fcebf30dec8df634d507b633ef1ed9f09b010b07e17e3975d4ce674e3059c
  languageName: node
  linkType: hard

"es-to-primitive@npm:^1.2.1":
  version: 1.2.1
  resolution: "es-to-primitive@npm:1.2.1"
  dependencies:
    is-callable: "npm:^1.1.4"
    is-date-object: "npm:^1.0.1"
    is-symbol: "npm:^1.0.2"
  checksum: 10c0/0886572b8dc075cb10e50c0af62a03d03a68e1e69c388bd4f10c0649ee41b1fbb24840a1b7e590b393011b5cdbe0144b776da316762653685432df37d6de60f1
  languageName: node
  linkType: hard

"esbuild@npm:^0.25.0":
  version: 0.25.0
  resolution: "esbuild@npm:0.25.0"
  dependencies:
    "@esbuild/aix-ppc64": "npm:0.25.0"
    "@esbuild/android-arm": "npm:0.25.0"
    "@esbuild/android-arm64": "npm:0.25.0"
    "@esbuild/android-x64": "npm:0.25.0"
    "@esbuild/darwin-arm64": "npm:0.25.0"
    "@esbuild/darwin-x64": "npm:0.25.0"
    "@esbuild/freebsd-arm64": "npm:0.25.0"
    "@esbuild/freebsd-x64": "npm:0.25.0"
    "@esbuild/linux-arm": "npm:0.25.0"
    "@esbuild/linux-arm64": "npm:0.25.0"
    "@esbuild/linux-ia32": "npm:0.25.0"
    "@esbuild/linux-loong64": "npm:0.25.0"
    "@esbuild/linux-mips64el": "npm:0.25.0"
    "@esbuild/linux-ppc64": "npm:0.25.0"
    "@esbuild/linux-riscv64": "npm:0.25.0"
    "@esbuild/linux-s390x": "npm:0.25.0"
    "@esbuild/linux-x64": "npm:0.25.0"
    "@esbuild/netbsd-arm64": "npm:0.25.0"
    "@esbuild/netbsd-x64": "npm:0.25.0"
    "@esbuild/openbsd-arm64": "npm:0.25.0"
    "@esbuild/openbsd-x64": "npm:0.25.0"
    "@esbuild/sunos-x64": "npm:0.25.0"
    "@esbuild/win32-arm64": "npm:0.25.0"
    "@esbuild/win32-ia32": "npm:0.25.0"
    "@esbuild/win32-x64": "npm:0.25.0"
  dependenciesMeta:
    "@esbuild/aix-ppc64":
      optional: true
    "@esbuild/android-arm":
      optional: true
    "@esbuild/android-arm64":
      optional: true
    "@esbuild/android-x64":
      optional: true
    "@esbuild/darwin-arm64":
      optional: true
    "@esbuild/darwin-x64":
      optional: true
    "@esbuild/freebsd-arm64":
      optional: true
    "@esbuild/freebsd-x64":
      optional: true
    "@esbuild/linux-arm":
      optional: true
    "@esbuild/linux-arm64":
      optional: true
    "@esbuild/linux-ia32":
      optional: true
    "@esbuild/linux-loong64":
      optional: true
    "@esbuild/linux-mips64el":
      optional: true
    "@esbuild/linux-ppc64":
      optional: true
    "@esbuild/linux-riscv64":
      optional: true
    "@esbuild/linux-s390x":
      optional: true
    "@esbuild/linux-x64":
      optional: true
    "@esbuild/netbsd-arm64":
      optional: true
    "@esbuild/netbsd-x64":
      optional: true
    "@esbuild/openbsd-arm64":
      optional: true
    "@esbuild/openbsd-x64":
      optional: true
    "@esbuild/sunos-x64":
      optional: true
    "@esbuild/win32-arm64":
      optional: true
    "@esbuild/win32-ia32":
      optional: true
    "@esbuild/win32-x64":
      optional: true
  bin:
    esbuild: bin/esbuild
  checksum: 10c0/5767b72da46da3cfec51661647ec850ddbf8a8d0662771139f10ef0692a8831396a0004b2be7966cecdb08264fb16bdc16290dcecd92396fac5f12d722fa013d
  languageName: node
  linkType: hard

"escape-string-regexp@npm:^1.0.5":
  version: 1.0.5
  resolution: "escape-string-regexp@npm:1.0.5"
  checksum: 10c0/a968ad453dd0c2724e14a4f20e177aaf32bb384ab41b674a8454afe9a41c5e6fe8903323e0a1052f56289d04bd600f81278edf140b0fcc02f5cac98d0f5b5371
  languageName: node
  linkType: hard

"function-bind@npm:^1.1.1":
  version: 1.1.1
  resolution: "function-bind@npm:1.1.1"
  checksum: 10c0/60b74b2407e1942e1ed7f8c284f8ef714d0689dcfce5319985a5b7da3fc727f40b4a59ec72dc55aa83365ad7b8fa4fac3a30d93c850a2b452f29ae03dbc10a1e
  languageName: node
  linkType: hard

"get-intrinsic@npm:^1.0.2, get-intrinsic@npm:^1.1.0, get-intrinsic@npm:^1.1.1":
  version: 1.1.1
  resolution: "get-intrinsic@npm:1.1.1"
  dependencies:
    function-bind: "npm:^1.1.1"
    has: "npm:^1.0.3"
    has-symbols: "npm:^1.0.1"
  checksum: 10c0/c01055578e9b8da37a7779b18b732436c55d93e5ffa56b0fc4d3da8468ad89a25ce2343ba1945f20c0e78119bc7bb296fb59a0da521b6e43fd632de73376e040
  languageName: node
  linkType: hard

"get-symbol-description@npm:^1.0.0":
  version: 1.0.0
  resolution: "get-symbol-description@npm:1.0.0"
  dependencies:
    call-bind: "npm:^1.0.2"
    get-intrinsic: "npm:^1.1.1"
  checksum: 10c0/23bc3b44c221cdf7669a88230c62f4b9e30393b61eb21ba4400cb3e346801bd8f95fe4330ee78dbae37aecd874646d53e3e76a17a654d0c84c77f6690526d6bb
  languageName: node
  linkType: hard

"graceful-fs@npm:^4.1.2":
  version: 4.2.6
  resolution: "graceful-fs@npm:4.2.6"
  checksum: 10c0/f24a75a9ca057c3d482148242878c7fe9e25ce73a46c7480a58b53f1915c93d9ddf27c2d22d8b99182447e8d7f37ae6b29a74b246bbcc8c0d0b36b0d0648cea5
  languageName: node
  linkType: hard

"has-bigints@npm:^1.0.1":
  version: 1.0.1
  resolution: "has-bigints@npm:1.0.1"
  checksum: 10c0/59dc0ceb28468fcad0d3fd20a5d679dd577bae177f5caaf0b1f742df42a30267271538ab282c1c7dce14fcb9ba53401055363edab51d28fbae85c17b30f98a31
  languageName: node
  linkType: hard

"has-flag@npm:^3.0.0":
  version: 3.0.0
  resolution: "has-flag@npm:3.0.0"
  checksum: 10c0/1c6c83b14b8b1b3c25b0727b8ba3e3b647f99e9e6e13eb7322107261de07a4c1be56fc0d45678fc376e09772a3a1642ccdaf8fc69bdf123b6c086598397ce473
  languageName: node
  linkType: hard

"has-symbols@npm:^1.0.1, has-symbols@npm:^1.0.2":
  version: 1.0.3
  resolution: "has-symbols@npm:1.0.3"
  checksum: 10c0/e6922b4345a3f37069cdfe8600febbca791c94988c01af3394d86ca3360b4b93928bbf395859158f88099cb10b19d98e3bbab7c9ff2c1bd09cf665ee90afa2c3
  languageName: node
  linkType: hard

"has-tostringtag@npm:^1.0.0":
  version: 1.0.0
  resolution: "has-tostringtag@npm:1.0.0"
  dependencies:
    has-symbols: "npm:^1.0.2"
  checksum: 10c0/1cdba76b7d13f65198a92b8ca1560ba40edfa09e85d182bf436d928f3588a9ebd260451d569f0ed1b849c4bf54f49c862aa0d0a77f9552b1855bb6deb526c011
  languageName: node
  linkType: hard

"has@npm:^1.0.3":
  version: 1.0.3
  resolution: "has@npm:1.0.3"
  dependencies:
    function-bind: "npm:^1.1.1"
  checksum: 10c0/e1da0d2bd109f116b632f27782cf23182b42f14972ca9540e4c5aa7e52647407a0a4a76937334fddcb56befe94a3494825ec22b19b51f5e5507c3153fd1a5e1b
  languageName: node
  linkType: hard

"hosted-git-info@npm:^2.1.4":
  version: 2.8.9
  resolution: "hosted-git-info@npm:2.8.9"
  checksum: 10c0/317cbc6b1bbbe23c2a40ae23f3dafe9fa349ce42a89a36f930e3f9c0530c179a3882d2ef1e4141a4c3674d6faaea862138ec55b43ad6f75e387fda2483a13c70
  languageName: node
  linkType: hard

"internal-slot@npm:^1.0.3":
  version: 1.0.3
  resolution: "internal-slot@npm:1.0.3"
  dependencies:
    get-intrinsic: "npm:^1.1.0"
    has: "npm:^1.0.3"
    side-channel: "npm:^1.0.4"
  checksum: 10c0/bb41342a474c1b607458b0c716c742d779a6ed9dfaf7986e5d20d1e7f55b7f3676e4d9f416bc253af4fd78d367e1f83e586f74840302bcf2e60c424f9284dde5
  languageName: node
  linkType: hard

"is-arrayish@npm:^0.2.1":
  version: 0.2.1
  resolution: "is-arrayish@npm:0.2.1"
  checksum: 10c0/e7fb686a739068bb70f860b39b67afc62acc62e36bb61c5f965768abce1873b379c563e61dd2adad96ebb7edf6651111b385e490cf508378959b0ed4cac4e729
  languageName: node
  linkType: hard

"is-bigint@npm:^1.0.1":
  version: 1.0.4
  resolution: "is-bigint@npm:1.0.4"
  dependencies:
    has-bigints: "npm:^1.0.1"
  checksum: 10c0/eb9c88e418a0d195ca545aff2b715c9903d9b0a5033bc5922fec600eb0c3d7b1ee7f882dbf2e0d5a6e694e42391be3683e4368737bd3c4a77f8ac293e7773696
  languageName: node
  linkType: hard

"is-boolean-object@npm:^1.1.0":
  version: 1.1.2
  resolution: "is-boolean-object@npm:1.1.2"
  dependencies:
    call-bind: "npm:^1.0.2"
    has-tostringtag: "npm:^1.0.0"
  checksum: 10c0/6090587f8a8a8534c0f816da868bc94f32810f08807aa72fa7e79f7e11c466d281486ffe7a788178809c2aa71fe3e700b167fe80dd96dad68026bfff8ebf39f7
  languageName: node
  linkType: hard

"is-callable@npm:^1.1.4, is-callable@npm:^1.2.4":
  version: 1.2.4
  resolution: "is-callable@npm:1.2.4"
  checksum: 10c0/bda3c67128741129d61e1cb7ca89025ca56b39bf3564657989567c9f6d1e20d6f5579750d3c1fa8887903c6dc669fbc695e33a1363e7c5ec944077e39d24f73d
  languageName: node
  linkType: hard

"is-core-module@npm:^2.8.1":
  version: 2.8.1
  resolution: "is-core-module@npm:2.8.1"
  dependencies:
    has: "npm:^1.0.3"
  checksum: 10c0/f1139970deb2ec159c54be154d35cd17d71b9b56c60221ff7c8c328ca7efe20b6d676cef43d08c21966e162bfd5068dcd0ce23e64c77b76a19824563ecd82e0e
  languageName: node
  linkType: hard

"is-date-object@npm:^1.0.1":
  version: 1.0.5
  resolution: "is-date-object@npm:1.0.5"
  dependencies:
    has-tostringtag: "npm:^1.0.0"
  checksum: 10c0/eed21e5dcc619c48ccef804dfc83a739dbb2abee6ca202838ee1bd5f760fe8d8a93444f0d49012ad19bb7c006186e2884a1b92f6e1c056da7fd23d0a9ad5992e
  languageName: node
  linkType: hard

"is-negative-zero@npm:^2.0.1":
  version: 2.0.2
  resolution: "is-negative-zero@npm:2.0.2"
  checksum: 10c0/eda024c158f70f2017f3415e471b818d314da5ef5be68f801b16314d4a4b6304a74cbed778acf9e2f955bb9c1c5f2935c1be0c7c99e1ad12286f45366217b6a3
  languageName: node
  linkType: hard

"is-number-object@npm:^1.0.4":
  version: 1.0.6
  resolution: "is-number-object@npm:1.0.6"
  dependencies:
    has-tostringtag: "npm:^1.0.0"
  checksum: 10c0/f3220cd4882ed6c18f08d5122d320b353bc3ceeab5d93dbefded56da70fb544eaa3f27323902dd64d76a84260504c9bf7f4743f2d1817c716658b972573ef6ff
  languageName: node
  linkType: hard

"is-regex@npm:^1.1.4":
  version: 1.1.4
  resolution: "is-regex@npm:1.1.4"
  dependencies:
    call-bind: "npm:^1.0.2"
    has-tostringtag: "npm:^1.0.0"
  checksum: 10c0/bb72aae604a69eafd4a82a93002058c416ace8cde95873589a97fc5dac96a6c6c78a9977d487b7b95426a8f5073969124dd228f043f9f604f041f32fcc465fc1
  languageName: node
  linkType: hard

"is-shared-array-buffer@npm:^1.0.1":
  version: 1.0.1
  resolution: "is-shared-array-buffer@npm:1.0.1"
  checksum: 10c0/d27ff8661f30b6e90258a94c05c739260fb92f6c15d297cbf93e1122c6e7cf26ba65e89a63d427d22712f598905ca9d65840c1335449825aca4828e0bb53aa04
  languageName: node
  linkType: hard

"is-string@npm:^1.0.5, is-string@npm:^1.0.7":
  version: 1.0.7
  resolution: "is-string@npm:1.0.7"
  dependencies:
    has-tostringtag: "npm:^1.0.0"
  checksum: 10c0/905f805cbc6eedfa678aaa103ab7f626aac9ebbdc8737abb5243acaa61d9820f8edc5819106b8fcd1839e33db21de9f0116ae20de380c8382d16dc2a601921f6
  languageName: node
  linkType: hard

"is-symbol@npm:^1.0.2, is-symbol@npm:^1.0.3":
  version: 1.0.4
  resolution: "is-symbol@npm:1.0.4"
  dependencies:
    has-symbols: "npm:^1.0.2"
  checksum: 10c0/9381dd015f7c8906154dbcbf93fad769de16b4b961edc94f88d26eb8c555935caa23af88bda0c93a18e65560f6d7cca0fd5a3f8a8e1df6f1abbb9bead4502ef7
  languageName: node
  linkType: hard

"is-weakref@npm:^1.0.1":
  version: 1.0.2
  resolution: "is-weakref@npm:1.0.2"
  dependencies:
    call-bind: "npm:^1.0.2"
  checksum: 10c0/1545c5d172cb690c392f2136c23eec07d8d78a7f57d0e41f10078aa4f5daf5d7f57b6513a67514ab4f073275ad00c9822fc8935e00229d0a2089e1c02685d4b1
  languageName: node
  linkType: hard

"isexe@npm:^2.0.0":
  version: 2.0.0
  resolution: "isexe@npm:2.0.0"
  checksum: 10c0/228cfa503fadc2c31596ab06ed6aa82c9976eec2bfd83397e7eaf06d0ccf42cd1dfd6743bf9aeb01aebd4156d009994c5f76ea898d2832c1fe342da923ca457d
  languageName: node
  linkType: hard

"json-parse-better-errors@npm:^1.0.1":
  version: 1.0.2
  resolution: "json-parse-better-errors@npm:1.0.2"
  checksum: 10c0/2f1287a7c833e397c9ddd361a78638e828fc523038bb3441fd4fc144cfd2c6cd4963ffb9e207e648cf7b692600f1e1e524e965c32df5152120910e4903a47dcb
  languageName: node
  linkType: hard

"load-json-file@npm:^4.0.0":
  version: 4.0.0
  resolution: "load-json-file@npm:4.0.0"
  dependencies:
    graceful-fs: "npm:^4.1.2"
    parse-json: "npm:^4.0.0"
    pify: "npm:^3.0.0"
    strip-bom: "npm:^3.0.0"
  checksum: 10c0/6b48f6a0256bdfcc8970be2c57f68f10acb2ee7e63709b386b2febb6ad3c86198f840889cdbe71d28f741cbaa2f23a7771206b138cd1bdd159564511ca37c1d5
  languageName: node
  linkType: hard

"memorystream@npm:^0.3.1":
  version: 0.3.1
  resolution: "memorystream@npm:0.3.1"
  checksum: 10c0/4bd164657711d9747ff5edb0508b2944414da3464b7fe21ac5c67cf35bba975c4b446a0124bd0f9a8be54cfc18faf92e92bd77563a20328b1ccf2ff04e9f39b9
  languageName: node
  linkType: hard

"minimatch@npm:^3.0.4":
  version: 3.1.2
  resolution: "minimatch@npm:3.1.2"
  dependencies:
    brace-expansion: "npm:^1.1.7"
  checksum: 10c0/0262810a8fc2e72cca45d6fd86bd349eee435eb95ac6aa45c9ea2180e7ee875ef44c32b55b5973ceabe95ea12682f6e3725cbb63d7a2d1da3ae1163c8b210311
  languageName: node
  linkType: hard

"nice-try@npm:^1.0.4":
  version: 1.0.5
  resolution: "nice-try@npm:1.0.5"
  checksum: 10c0/95568c1b73e1d0d4069a3e3061a2102d854513d37bcfda73300015b7ba4868d3b27c198d1dbbd8ebdef4112fc2ed9e895d4a0f2e1cce0bd334f2a1346dc9205f
  languageName: node
  linkType: hard

"normalize-package-data@npm:^2.3.2":
  version: 2.5.0
  resolution: "normalize-package-data@npm:2.5.0"
  dependencies:
    hosted-git-info: "npm:^2.1.4"
    resolve: "npm:^1.10.0"
    semver: "npm:2 || 3 || 4 || 5"
    validate-npm-package-license: "npm:^3.0.1"
  checksum: 10c0/357cb1646deb42f8eb4c7d42c4edf0eec312f3628c2ef98501963cc4bbe7277021b2b1d977f982b2edce78f5a1014613ce9cf38085c3df2d76730481357ca504
  languageName: node
  linkType: hard

"npm-run-all@npm:^4.1.5":
  version: 4.1.5
  resolution: "npm-run-all@npm:4.1.5"
  dependencies:
    ansi-styles: "npm:^3.2.1"
    chalk: "npm:^2.4.1"
    cross-spawn: "npm:^6.0.5"
    memorystream: "npm:^0.3.1"
    minimatch: "npm:^3.0.4"
    pidtree: "npm:^0.3.0"
    read-pkg: "npm:^3.0.0"
    shell-quote: "npm:^1.6.1"
    string.prototype.padend: "npm:^3.0.0"
  bin:
    npm-run-all: bin/npm-run-all/index.js
    run-p: bin/run-p/index.js
    run-s: bin/run-s/index.js
  checksum: 10c0/736ee39bd35454d3efaa4a2e53eba6c523e2e17fba21a18edcce6b221f5cab62000bef16bb6ae8aff9e615831e6b0eb25ab51d52d60e6fa6f4ea880e4c6d31f4
  languageName: node
  linkType: hard

"object-inspect@npm:^1.11.0, object-inspect@npm:^1.9.0":
  version: 1.12.0
  resolution: "object-inspect@npm:1.12.0"
  checksum: 10c0/5ea7837f39f8da87b7cf25e81d14d21c45aae87ecbf0a5997a4d1950eacff363b85d39eab9ef6677ea36e862c708a4fe880ca2ffae1492acacdcbc963f2ee239
  languageName: node
  linkType: hard

"object-keys@npm:^1.0.12, object-keys@npm:^1.1.1":
  version: 1.1.1
  resolution: "object-keys@npm:1.1.1"
  checksum: 10c0/b11f7ccdbc6d406d1f186cdadb9d54738e347b2692a14439ca5ac70c225fa6db46db809711b78589866d47b25fc3e8dee0b4c722ac751e11180f9380e3d8601d
  languageName: node
  linkType: hard

"object.assign@npm:^4.1.2":
  version: 4.1.2
  resolution: "object.assign@npm:4.1.2"
  dependencies:
    call-bind: "npm:^1.0.0"
    define-properties: "npm:^1.1.3"
    has-symbols: "npm:^1.0.1"
    object-keys: "npm:^1.1.1"
  checksum: 10c0/ee0e796fad8952f05644d11632f046dc4b424f9a41d3816e11a612163b12a873c800456be9acdaec6221b72590ab5267e5fe4bf4cf1c67f88b05f82f133ac829
  languageName: node
  linkType: hard

"onscrolling@npm:^2.0.0-beta.7":
  version: 2.0.0-beta.7
  resolution: "onscrolling@npm:2.0.0-beta.7"
  checksum: 10c0/62e496901d15a7f03b5af2f3053a1809ef70e102e7289afac36791c9cffbdb1e3914d2dd0aeab8a2e43c88c0cb0ad89ef478354adf4937c514a08572c8cea577
  languageName: node
  linkType: hard

"parse-json@npm:^4.0.0":
  version: 4.0.0
  resolution: "parse-json@npm:4.0.0"
  dependencies:
    error-ex: "npm:^1.3.1"
    json-parse-better-errors: "npm:^1.0.1"
  checksum: 10c0/8d80790b772ccb1bcea4e09e2697555e519d83d04a77c2b4237389b813f82898943a93ffff7d0d2406203bdd0c30dcf95b1661e3a53f83d0e417f053957bef32
  languageName: node
  linkType: hard

"path-key@npm:^2.0.1":
  version: 2.0.1
  resolution: "path-key@npm:2.0.1"
  checksum: 10c0/dd2044f029a8e58ac31d2bf34c34b93c3095c1481942960e84dd2faa95bbb71b9b762a106aead0646695330936414b31ca0bd862bf488a937ad17c8c5d73b32b
  languageName: node
  linkType: hard

"path-parse@npm:^1.0.7":
  version: 1.0.7
  resolution: "path-parse@npm:1.0.7"
  checksum: 10c0/11ce261f9d294cc7a58d6a574b7f1b935842355ec66fba3c3fd79e0f036462eaf07d0aa95bb74ff432f9afef97ce1926c720988c6a7451d8a584930ae7de86e1
  languageName: node
  linkType: hard

"path-type@npm:^3.0.0":
  version: 3.0.0
  resolution: "path-type@npm:3.0.0"
  dependencies:
    pify: "npm:^3.0.0"
  checksum: 10c0/1332c632f1cac15790ebab8dd729b67ba04fc96f81647496feb1c2975d862d046f41e4b975dbd893048999b2cc90721f72924ad820acc58c78507ba7141a8e56
  languageName: node
  linkType: hard

"pidtree@npm:^0.3.0":
  version: 0.3.1
  resolution: "pidtree@npm:0.3.1"
  bin:
    pidtree: bin/pidtree.js
  checksum: 10c0/cd69b0182f749f45ab48584e3442c48c5dc4512502c18d5b0147a33b042c41a4db4269b9ce2f7c48f11833ee5e79d81f5ebc6f7bf8372d4ea55726f60dc505a1
  languageName: node
  linkType: hard

"pify@npm:^3.0.0":
  version: 3.0.0
  resolution: "pify@npm:3.0.0"
  checksum: 10c0/fead19ed9d801f1b1fcd0638a1ac53eabbb0945bf615f2f8806a8b646565a04a1b0e7ef115c951d225f042cca388fdc1cd3add46d10d1ed6951c20bd2998af10
  languageName: node
  linkType: hard

"prettier@npm:^3.2.5":
  version: 3.2.5
  resolution: "prettier@npm:3.2.5"
  bin:
    prettier: bin/prettier.cjs
  checksum: 10c0/ea327f37a7d46f2324a34ad35292af2ad4c4c3c3355da07313339d7e554320f66f65f91e856add8530157a733c6c4a897dc41b577056be5c24c40f739f5ee8c6
  languageName: node
  linkType: hard

"read-pkg@npm:^3.0.0":
  version: 3.0.0
  resolution: "read-pkg@npm:3.0.0"
  dependencies:
    load-json-file: "npm:^4.0.0"
    normalize-package-data: "npm:^2.3.2"
    path-type: "npm:^3.0.0"
  checksum: 10c0/65acf2df89fbcd506b48b7ced56a255ba00adf7ecaa2db759c86cc58212f6fd80f1f0b7a85c848551a5d0685232e9b64f45c1fd5b48d85df2761a160767eeb93
  languageName: node
  linkType: hard

"resolve@npm:^1.10.0":
  version: 1.22.0
  resolution: "resolve@npm:1.22.0"
  dependencies:
    is-core-module: "npm:^2.8.1"
    path-parse: "npm:^1.0.7"
    supports-preserve-symlinks-flag: "npm:^1.0.0"
  bin:
    resolve: bin/resolve
  checksum: 10c0/efe07a7cd69015a95a5f4e6cc3d372354b93d67a70410ec686413b2054dfa0d5ef16ff52c057a83634debb17f278b99db6dbc60367a4475ae01dda29c6eaa6e4
  languageName: node
  linkType: hard

"resolve@patch:resolve@npm%3A^1.10.0#optional!builtin<compat/resolve>":
  version: 1.22.0
  resolution: "resolve@patch:resolve@npm%3A1.22.0#optional!builtin<compat/resolve>::version=1.22.0&hash=c3c19d"
  dependencies:
    is-core-module: "npm:^2.8.1"
    path-parse: "npm:^1.0.7"
    supports-preserve-symlinks-flag: "npm:^1.0.0"
  bin:
    resolve: bin/resolve
  checksum: 10c0/ef8061e81f40c39070748e8e263c8767d8fcc7c34e9ee85211b29fbc2aedb1ae7cda7d735c2cdbe9367060e9f85ec11c2694e370c121c6bcbb472a7bd0b19555
  languageName: node
  linkType: hard

"semver@npm:2 || 3 || 4 || 5, semver@npm:^5.5.0":
  version: 5.7.2
  resolution: "semver@npm:5.7.2"
  bin:
    semver: bin/semver
  checksum: 10c0/e4cf10f86f168db772ae95d86ba65b3fd6c5967c94d97c708ccb463b778c2ee53b914cd7167620950fc07faf5a564e6efe903836639e512a1aa15fbc9667fa25
  languageName: node
  linkType: hard

"shebang-command@npm:^1.2.0":
  version: 1.2.0
  resolution: "shebang-command@npm:1.2.0"
  dependencies:
    shebang-regex: "npm:^1.0.0"
  checksum: 10c0/7b20dbf04112c456b7fc258622dafd566553184ac9b6938dd30b943b065b21dabd3776460df534cc02480db5e1b6aec44700d985153a3da46e7db7f9bd21326d
  languageName: node
  linkType: hard

"shebang-regex@npm:^1.0.0":
  version: 1.0.0
  resolution: "shebang-regex@npm:1.0.0"
  checksum: 10c0/9abc45dee35f554ae9453098a13fdc2f1730e525a5eb33c51f096cc31f6f10a4b38074c1ebf354ae7bffa7229506083844008dfc3bb7818228568c0b2dc1fff2
  languageName: node
  linkType: hard

"shell-quote@npm:^1.6.1":
  version: 1.7.3
  resolution: "shell-quote@npm:1.7.3"
  checksum: 10c0/cf997c325f49c4393a859074f1ee9ca3da7d9e1940225bab24a86f0266504c7d7e356b83f13c74932cb243d53125b5c8c57b714017c53490bf1fe10540422014
  languageName: node
  linkType: hard

"side-channel@npm:^1.0.4":
  version: 1.0.4
  resolution: "side-channel@npm:1.0.4"
  dependencies:
    call-bind: "npm:^1.0.0"
    get-intrinsic: "npm:^1.0.2"
    object-inspect: "npm:^1.9.0"
  checksum: 10c0/054a5d23ee35054b2c4609b9fd2a0587760737782b5d765a9c7852264710cc39c6dcb56a9bbd6c12cd84071648aea3edb2359d2f6e560677eedadce511ac1da5
  languageName: node
  linkType: hard

"spdx-correct@npm:^3.0.0":
  version: 3.1.1
  resolution: "spdx-correct@npm:3.1.1"
  dependencies:
    spdx-expression-parse: "npm:^3.0.0"
    spdx-license-ids: "npm:^3.0.0"
  checksum: 10c0/25909eecc4024963a8e398399dbdd59ddb925bd7dbecd9c9cf6df0d75c29b68cd30b82123564acc51810eb02cfc4b634a2e16e88aa982433306012e318849249
  languageName: node
  linkType: hard

"spdx-exceptions@npm:^2.1.0":
  version: 2.3.0
  resolution: "spdx-exceptions@npm:2.3.0"
  checksum: 10c0/83089e77d2a91cb6805a5c910a2bedb9e50799da091f532c2ba4150efdef6e53f121523d3e2dc2573a340dc0189e648b03157097f65465b3a0c06da1f18d7e8a
  languageName: node
  linkType: hard

"spdx-expression-parse@npm:^3.0.0":
  version: 3.0.1
  resolution: "spdx-expression-parse@npm:3.0.1"
  dependencies:
    spdx-exceptions: "npm:^2.1.0"
    spdx-license-ids: "npm:^3.0.0"
  checksum: 10c0/6f8a41c87759fa184a58713b86c6a8b028250f158159f1d03ed9d1b6ee4d9eefdc74181c8ddc581a341aa971c3e7b79e30b59c23b05d2436d5de1c30bdef7171
  languageName: node
  linkType: hard

"spdx-license-ids@npm:^3.0.0":
  version: 3.0.11
  resolution: "spdx-license-ids@npm:3.0.11"
  checksum: 10c0/6c53cfdb3417e80fd612341319f1296507f797e0387e144047f547c378d9d38d6032ec342de42ef7883256f6690b2fca9889979d0dd015a61dc49b323f9b379b
  languageName: node
  linkType: hard

"string.prototype.padend@npm:^3.0.0":
  version: 3.1.3
  resolution: "string.prototype.padend@npm:3.1.3"
  dependencies:
    call-bind: "npm:^1.0.2"
    define-properties: "npm:^1.1.3"
    es-abstract: "npm:^1.19.1"
  checksum: 10c0/c713de3b48f6c773c72012dfad99d3865e714d9c9f8ea8656852b21a9bf5d6ccbcbf553e14ef2b6cbdff45db935103322a1fab87dfda8021fd8c8af432195aeb
  languageName: node
  linkType: hard

"string.prototype.trimend@npm:^1.0.4":
  version: 1.0.4
  resolution: "string.prototype.trimend@npm:1.0.4"
  dependencies:
    call-bind: "npm:^1.0.2"
    define-properties: "npm:^1.1.3"
  checksum: 10c0/9fca11ab237f31cf55736e3e987deb312dd8e1bea7515e0f62949f1494f714083089a432ad5d99ea83f690a9290f58d0ce3d3f3356f5717e4c349d7d1b642af7
  languageName: node
  linkType: hard

"string.prototype.trimstart@npm:^1.0.4":
  version: 1.0.4
  resolution: "string.prototype.trimstart@npm:1.0.4"
  dependencies:
    call-bind: "npm:^1.0.2"
    define-properties: "npm:^1.1.3"
  checksum: 10c0/4e4f836f9416c3db176587ab4e9b62f45b11489ab93c2b14e796c82a4f1c912278f31a4793cc00c2bee11002e56c964e9f131b8f78d96ffbd89822a11bd786fe
  languageName: node
  linkType: hard

"strip-bom@npm:^3.0.0":
  version: 3.0.0
  resolution: "strip-bom@npm:3.0.0"
  checksum: 10c0/51201f50e021ef16672593d7434ca239441b7b760e905d9f33df6e4f3954ff54ec0e0a06f100d028af0982d6f25c35cd5cda2ce34eaebccd0250b8befb90d8f1
  languageName: node
  linkType: hard

"supports-color@npm:^5.3.0":
  version: 5.5.0
  resolution: "supports-color@npm:5.5.0"
  dependencies:
    has-flag: "npm:^3.0.0"
  checksum: 10c0/6ae5ff319bfbb021f8a86da8ea1f8db52fac8bd4d499492e30ec17095b58af11f0c55f8577390a749b1c4dde691b6a0315dab78f5f54c9b3d83f8fb5905c1c05
  languageName: node
  linkType: hard

"supports-preserve-symlinks-flag@npm:^1.0.0":
  version: 1.0.0
  resolution: "supports-preserve-symlinks-flag@npm:1.0.0"
  checksum: 10c0/6c4032340701a9950865f7ae8ef38578d8d7053f5e10518076e6554a9381fa91bd9c6850193695c141f32b21f979c985db07265a758867bac95de05f7d8aeb39
  languageName: node
  linkType: hard

"unbox-primitive@npm:^1.0.1":
  version: 1.0.1
  resolution: "unbox-primitive@npm:1.0.1"
  dependencies:
    function-bind: "npm:^1.1.1"
    has-bigints: "npm:^1.0.1"
    has-symbols: "npm:^1.0.2"
    which-boxed-primitive: "npm:^1.0.2"
  checksum: 10c0/6f0b91b0744c6f9fd05afa70484914b70686596be628543a143fab018733f902ff39fad2c3cf8f00fd5d32ba8bce8edf9cf61cee940c1af892316e112b25812b
  languageName: node
  linkType: hard

"validate-npm-package-license@npm:^3.0.1":
  version: 3.0.4
  resolution: "validate-npm-package-license@npm:3.0.4"
  dependencies:
    spdx-correct: "npm:^3.0.0"
    spdx-expression-parse: "npm:^3.0.0"
  checksum: 10c0/7b91e455a8de9a0beaa9fe961e536b677da7f48c9a493edf4d4d4a87fd80a7a10267d438723364e432c2fcd00b5650b5378275cded362383ef570276e6312f4f
  languageName: node
  linkType: hard

"which-boxed-primitive@npm:^1.0.2":
  version: 1.0.2
  resolution: "which-boxed-primitive@npm:1.0.2"
  dependencies:
    is-bigint: "npm:^1.0.1"
    is-boolean-object: "npm:^1.1.0"
    is-number-object: "npm:^1.0.4"
    is-string: "npm:^1.0.5"
    is-symbol: "npm:^1.0.3"
  checksum: 10c0/0a62a03c00c91dd4fb1035b2f0733c341d805753b027eebd3a304b9cb70e8ce33e25317add2fe9b5fea6f53a175c0633ae701ff812e604410ddd049777cd435e
  languageName: node
  linkType: hard

"which@npm:^1.2.9":
  version: 1.3.1
  resolution: "which@npm:1.3.1"
  dependencies:
    isexe: "npm:^2.0.0"
  bin:
    which: ./bin/which
  checksum: 10c0/e945a8b6bbf6821aaaef7f6e0c309d4b615ef35699576d5489b4261da9539f70393c6b2ce700ee4321c18f914ebe5644bc4631b15466ffbaad37d83151f6af59
  languageName: node
  linkType: hard
